
Microsoft Visual Studio Solution File, Format Version 12.00
# Visual Studio Version 16
VisualStudioVersion = 16.0.28803.452
MinimumVisualStudioVersion = 10.0.40219.1
Project("{9A19103F-16F7-4668-BE54-9A1E7A4F7556}") = "DemoBlue.Web", "src\DemoBlue.Web\DemoBlue.Web.csproj", "{07480F62-BA43-4B19-847B-524FBC81E1C6}"
EndProject
Project("{FAE04EC0-301F-11D3-BF4B-00C04F79EFBC}") = "DemoGreen.Web", "src\DemoGreen.Web\DemoGreen.Web.csproj", "{7A6888DC-D921-427F-AD11-DE1B3FC2C0DD}"
EndProject
Project("{E53339B2-1760-4266-BCC7-CA923CBCF16C}") = "docker-compose", "docker-compose.dcproj", "{E97F0D1C-F551-48CE-8BC2-55E2A4593F93}"
EndProject
Global
	GlobalSection(SolutionConfigurationPlatforms) = preSolution
		Debug|Any CPU = Debug|Any CPU
		Release|Any CPU = Release|Any CPU
	EndGlobalSection
	GlobalSection(ProjectConfigurationPlatforms) = postSolution
		{07480F62-BA43-4B19-847B-524FBC81E1C6}.Debug|Any CPU.ActiveCfg = Debug|Any CPU
		{07480F62-BA43-4B19-847B-524FBC81E1C6}.Debug|Any CPU.Build.0 = Debug|Any CPU
		{07480F62-BA43-4B19-847B-524FBC81E1C6}.Release|Any CPU.ActiveCfg = Release|Any CPU
		{07480F62-BA43-4B19-847B-524FBC81E1C6}.Release|Any CPU.Build.0 = Release|Any CPU
		{7A6888DC-D921-427F-AD11-DE1B3FC2C0DD}.Debug|Any CPU.ActiveCfg = Debug|Any CPU
		{7A6888DC-D921-427F-AD11-DE1B3FC2C0DD}.Debug|Any CPU.Build.0 = Debug|Any CPU
		{7A6888DC-D921-427F-AD11-DE1B3FC2C0DD}.Release|Any CPU.ActiveCfg = Release|Any CPU
		{7A6888DC-D921-427F-AD11-DE1B3FC2C0DD}.Release|Any CPU.Build.0 = Release|Any CPU
		{E97F0D1C-F551-48CE-8BC2-55E2A4593F93}.Debug|Any CPU.ActiveCfg = Debug|Any CPU
		{E97F0D1C-F551-48CE-8BC2-55E2A4593F93}.Debug|Any CPU.Build.0 = Debug|Any CPU
		{E97F0D1C-F551-48CE-8BC2-55E2A4593F93}.Release|Any CPU.ActiveCfg = Release|Any CPU
		{E97F0D1C-F551-48CE-8BC2-55E2A4593F93}.Release|Any CPU.Build.0 = Release|Any CPU
	EndGlobalSection
	GlobalSection(SolutionProperties) = preSolution
		HideSolutionNode = FALSE
	EndGlobalSection
	GlobalSection(ExtensibilityGlobals) = postSolution
		SolutionGuid = {96A9A918-D557-4AF7-A5C7-3B36D46CA45C}
	EndGlobalSection
EndGlobal
